
Microsoft Visual Studio Solution File, Format Version 12.00
# Visual Studio Version 16
VisualStudioVersion = 16.0.31005.135
MinimumVisualStudioVersion = 10.0.40219.1
Project("{FAE04EC0-301F-11D3-BF4B-00C04F79EFBC}") = "SpeedTickets", "SpeedTickets\SpeedTickets.csproj", "{11788222-1A4C-46EE-8DDC-ED9FA8840275}"
EndProject
Global
	GlobalSection(SolutionConfigurationPlatforms) = preSolution
		Debug|Any CPU = Debug|Any CPU
		Release|Any CPU = Release|Any CPU
	EndGlobalSection
	GlobalSection(ProjectConfigurationPlatforms) = postSolution
		{11788222-1A4C-46EE-8DDC-ED9FA8840275}.Debug|Any CPU.ActiveCfg = Debug|Any CPU
		{11788222-1A4C-46EE-8DDC-ED9FA8840275}.Debug|Any CPU.Build.0 = Debug|Any CPU
		{11788222-1A4C-46EE-8DDC-ED9FA8840275}.Release|Any CPU.ActiveCfg = Release|Any CPU
		{11788222-1A4C-46EE-8DDC-ED9FA8840275}.Release|Any CPU.Build.0 = Release|Any CPU
	EndGlobalSection
	GlobalSection(SolutionProperties) = preSolution
		HideSolutionNode = FALSE
	EndGlobalSection
	GlobalSection(ExtensibilityGlobals) = postSolution
		SolutionGuid = {474F3E44-EA78-4FF6-9320-6FCB33510899}
	EndGlobalSection
EndGlobal
